// !$*UTF8*$!
{
	archiveVersion = 1;
	classes = {
	};
	objectVersion = 46;
	objects = {

/* Begin PBXBuildFile section */
		59745FF21D29B5D20008BC59 /* AppDelegate.swift in Sources */ = {isa = PBXBuildFile; fileRef = 59745FF11D29B5D20008BC59 /* AppDelegate.swift */; };
		59745FF41D29B5D20008BC59 /* ViewController.swift in Sources */ = {isa = PBXBuildFile; fileRef = 59745FF31D29B5D20008BC59 /* ViewController.swift */; };
		59745FF71D29B5D20008BC59 /* Main.storyboard in Resources */ = {isa = PBXBuildFile; fileRef = 59745FF51D29B5D20008BC59 /* Main.storyboard */; };
		59745FF91D29B5D20008BC59 /* Assets.xcassets in Resources */ = {isa = PBXBuildFile; fileRef = 59745FF81D29B5D20008BC59 /* Assets.xcassets */; };
		59745FFC1D29B5D20008BC59 /* LaunchScreen.storyboard in Resources */ = {isa = PBXBuildFile; fileRef = 59745FFA1D29B5D20008BC59 /* LaunchScreen.storyboard */; };
/* End PBXBuildFile section */

/* Begin PBXFileReference section */
		59745FEE1D29B5D20008BC59 /* D&D.app */ = {isa = PBXFileReference; explicitFileType = wrapper.application; includeInIndex = 0; path = "D&D.app"; sourceTree = BUILT_PRODUCTS_DIR; };
		59745FF11D29B5D20008BC59 /* AppDelegate.swift */ = {isa = PBXFileReference; lastKnownFileType = sourcecode.swift; path = AppDelegate.swift; sourceTree = "<group>"; };
		59745FF31D29B5D20008BC59 /* ViewController.swift */ = {isa = PBXFileReference; lastKnownFileType = sourcecode.swift; path = ViewController.swift; sourceTree = "<group>"; };
		59745FF61D29B5D20008BC59 /* Base */ = {isa = PBXFileReference; lastKnownFileType = file.storyboard; name = Base; path = Base.lproj/Main.storyboard; sourceTree = "<group>"; };
		59745FF81D29B5D20008BC59 /* Assets.xcassets */ = {isa = PBXFileReference; lastKnownFileType = folder.assetcatalog; path = Assets.xcassets; sourceTree = "<group>"; };
		59745FFB1D29B5D20008BC59 /* Base */ = {isa = PBXFileReference; lastKnownFileType = file.storyboard; name = Base; path = Base.lproj/LaunchScreen.storyboard; sourceTree = "<group>"; };
		59745FFD1D29B5D20008BC59 /* Info.plist */ = {isa = PBXFileReference; lastKnownFileType = text.plist.xml; path = Info.plist; sourceTree = "<group>"; };
/* End PBXFileReference section */

/* Begin PBXFrameworksBuildPhase section */
		59745FEB1D29B5D20008BC59 /* Frameworks */ = {
			isa = PBXFrameworksBuildPhase;
			buildActionMask = 2147483647;
			files = (
			);
			runOnlyForDeploymentPostprocessing = 0;
		};
/* End PBXFrameworksBuildPhase section */

/* Begin PBXGroup section */
		59745FE51D29B5D10008BC59 = {
			isa = PBXGroup;
			children = (
				59745FF01D29B5D20008BC59 /* D&D */,
				59745FEF1D29B5D20008BC59 /* Products */,
			);
			sourceTree = "<group>";
		};
		59745FEF1D29B5D20008BC59 /* Products */ = {
			isa = PBXGroup;
			children = (
				59745FEE1D29B5D20008BC59 /* D&D.app */,
			);
			name = Products;
			sourceTree = "<group>";
		};
		59745FF01D29B5D20008BC59 /* D&D */ = {
			isa = PBXGroup;
			children = (
				59745FF11D29B5D20008BC59 /* AppDelegate.swift */,
				59745FF31D29B5D20008BC59 /* ViewController.swift */,
				59745FF51D29B5D20008BC59 /* Main.storyboard */,
				59745FF81D29B5D20008BC59 /* Assets.xcassets */,
				59745FFA1D29B5D20008BC59 /* LaunchScreen.storyboard */,
				59745FFD1D29B5D20008BC59 /* Info.plist */,
			);
			path = "D&D";
			sourceTree = "<group>";
		};
/* End PBXGroup section */

/* Begin PBXNativeTarget section */
		59745FED1D29B5D20008BC59 /* D&D */ = {
			isa = PBXNativeTarget;
			buildConfigurationList = 597460001D29B5D20008BC59 /* Build configuration list for PBXNativeTarget "D&D" */;
			buildPhases = (
				59745FEA1D29B5D20008BC59 /* Sources */,
				59745FEB1D29B5D20008BC59 /* Frameworks */,
				59745FEC1D29B5D20008BC59 /* Resources */,
			);
			buildRules = (
			);
			dependencies = (
			);
			name = "D&D";
			productName = "D&D";
			productReference = 59745FEE1D29B5D20008BC59 /* D&D.app */;
			productType = "com.apple.product-type.application";
		};
/* End PBXNativeTarget section */

/* Begin PBXProject section */
		59745FE61D29B5D10008BC59 /* Project object */ = {
			isa = PBXProject;
			attributes = {
				LastSwiftUpdateCheck = 0730;
				LastUpgradeCheck = 0800;
				ORGANIZATIONNAME = sacchetta;
				TargetAttributes = {
					59745FED1D29B5D20008BC59 = {
						CreatedOnToolsVersion = 7.3.1;
						DevelopmentTeam = C7H87VRYVV;
						LastSwiftMigration = 0800;
					};
				};
			};
			buildConfigurationList = 59745FE91D29B5D10008BC59 /* Build configuration list for PBXProject "D&D" */;
			compatibilityVersion = "Xcode 3.2";
			developmentRegion = English;
			hasScannedForEncodings = 0;
			knownRegions = (
				en,
				Base,
			);
			mainGroup = 59745FE51D29B5D10008BC59;
			productRefGroup = 59745FEF1D29B5D20008BC59 /* Products */;
			projectDirPath = "";
			projectRoot = "";
			targets = (
				59745FED1D29B5D20008BC59 /* D&D */,
			);
		};
/* End PBXProject section */

/* Begin PBXResourcesBuildPhase section */
		59745FEC1D29B5D20008BC59 /* Resources */ = {
			isa = PBXResourcesBuildPhase;
			buildActionMask = 2147483647;
			files = (
				59745FFC1D29B5D20008BC59 /* LaunchScreen.storyboard in Resources */,
				59745FF91D29B5D20008BC59 /* Assets.xcassets in Resources */,
				59745FF71D29B5D20008BC59 /* Main.storyboard in Resources */,
			);
			runOnlyForDeploymentPostprocessing = 0;
		};
/* End PBXResourcesBuildPhase section */

/* Begin PBXSourcesBuildPhase section */
		59745FEA1D29B5D20008BC59 /* Sources */ = {
			isa = PBXSourcesBuildPhase;
			buildActionMask = 2147483647;
			files = (
				59745FF41D29B5D20008BC59 /* ViewController.swift in Sources */,
				59745FF21D29B5D20008BC59 /* AppDelegate.swift in Sources */,
			);
			runOnlyForDeploymentPostprocessing = 0;
		};
/* End PBXSourcesBuildPhase section */

/* Begin PBXVariantGroup section */
		59745FF51D29B5D20008BC59 /* Main.storyboard */ = {
			isa = PBXVariantGroup;
			children = (
				59745FF61D29B5D20008BC59 /* Base */,
			);
			name = Main.storyboard;
			sourceTree = "<group>";
		};
		59745FFA1D29B5D20008BC59 /* LaunchScreen.storyboard */ = {
			isa = PBXVariantGroup;
			children = (
				59745FFB1D29B5D20008BC59 /* Base */,
			);
			name = LaunchScreen.storyboard;
			sourceTree = "<group>";
		};
/* End PBXVariantGroup section */

/* Begin XCBuildConfiguration section */
		59745FFE1D29B5D20008BC59 /* Debug */ = {
			isa = XCBuildConfiguration;
			buildSettings = {
				ALWAYS_SEARCH_USER_PATHS = NO;
				CLANG_ANALYZER_NONNULL = YES;
				CLANG_CXX_LANGUAGE_STANDARD = "gnu++0x";
				CLANG_CXX_LIBRARY = "libc++";
				CLANG_ENABLE_MODULES = YES;
				CLANG_ENABLE_OBJC_ARC = YES;
				CLANG_WARN_BOOL_CONVERSION = YES;
				CLANG_WARN_CONSTANT_CONVERSION = YES;
				CLANG_WARN_DIRECT_OBJC_ISA_USAGE = YES_ERROR;
				CLANG_WARN_EMPTY_BODY = YES;
				CLANG_WARN_ENUM_CONVERSION = YES;
				CLANG_WARN_INFINITE_RECURSION = YES;
				CLANG_WARN_INT_CONVERSION = YES;
				CLANG_WARN_OBJC_ROOT_CLASS = YES_ERROR;
				CLANG_WARN_SUSPICIOUS_MOVE = YES;
				CLANG_WARN_UNREACHABLE_CODE = YES;
				CLANG_WARN__DUPLICATE_METHOD_MATCH = YES;
				"CODE_SIGN_IDENTITY[sdk=iphoneos*]" = "iPhone Developer";
				COPY_PHASE_STRIP = NO;
				DEBUG_INFORMATION_FORMAT = dwarf;
				ENABLE_STRICT_OBJC_MSGSEND = YES;
				ENABLE_TESTABILITY = YES;
				GCC_C_LANGUAGE_STANDARD = gnu99;
				GCC_DYNAMIC_NO_PIC = NO;
				GCC_NO_COMMON_BLOCKS = YES;
				GCC_OPTIMIZATION_LEVEL = 0;
				GCC_PREPROCESSOR_DEFINITIONS = (
					"DEBUG=1",
					"$(inherited)",
				);
				GCC_WARN_64_TO_32_BIT_CONVERSION = YES;
				GCC_WARN_ABOUT_RETURN_TYPE = YES_ERROR;
				GCC_WARN_UNDECLARED_SELECTOR = YES;
				GCC_WARN_UNINITIALIZED_AUTOS = YES_AGGRESSIVE;
				GCC_WARN_UNUSED_FUNCTION = YES;
				GCC_WARN_UNUSED_VARIABLE = YES;
				IPHONEOS_DEPLOYMENT_TARGET = 9.3;
				MTL_ENABLE_DEBUG_INFO = YES;
				ONLY_ACTIVE_ARCH = YES;
				SDKROOT = iphoneos;
				SWIFT_OPTIMIZATION_LEVEL = "-Onone";
			};
			name = Debug;
		};
		59745FFF1D29B5D20008BC59 /* Release */ = {
			isa = XCBuildConfiguration;
			buildSettings = {
				ALWAYS_SEARCH_USER_PATHS = NO;
				CLANG_ANALYZER_NONNULL = YES;
				CLANG_CXX_LANGUAGE_STANDARD = "gnu++0x";
				CLANG_CXX_LIBRARY = "libc++";
				CLANG_ENABLE_MODULES = YES;
				CLANG_ENABLE_OBJC_ARC = YES;
				CLANG_WARN_BOOL_CONVERSION = YES;
				CLANG_WARN_CONSTANT_CONVERSION = YES;
				CLANG_WARN_DIRECT_OBJC_ISA_USAGE = YES_ERROR;
				CLANG_WARN_EMPTY_BODY = YES;
				CLANG_WARN_ENUM_CONVERSION = YES;
				CLANG_WARN_INFINITE_RECURSION = YES;
				CLANG_WARN_INT_CONVERSION = YES;
				CLANG_WARN_OBJC_ROOT_CLASS = YES_ERROR;
				CLANG_WARN_SUSPICIOUS_MOVE = YES;
				CLANG_WARN_UNREACHABLE_CODE = YES;
				CLANG_WARN__DUPLICATE_METHOD_MATCH = YES;
				"CODE_SIGN_IDENTITY[sdk=iphoneos*]" = "iPhone Developer";
				COPY_PHASE_STRIP = NO;
				DEBUG_INFORMATION_FORMAT = "dwarf-with-dsym";
				ENABLE_NS_ASSERTIONS = NO;
				ENABLE_STRICT_OBJC_MSGSEND = YES;
				GCC_C_LANGUAGE_STANDARD = gnu99;
				GCC_NO_COMMON_BLOCKS = YES;
				GCC_WARN_64_TO_32_BIT_CONVERSION = YES;
				GCC_WARN_ABOUT_RETURN_TYPE = YES_ERROR;
				GCC_WARN_UNDECLARED_SELECTOR = YES;
				GCC_WARN_UNINITIALIZED_AUTOS = YES_AGGRESSIVE;
				GCC_WARN_UNUSED_FUNCTION = YES;
				GCC_WARN_UNUSED_VARIABLE = YES;
				IPHONEOS_DEPLOYMENT_TARGET = 9.3;
				MTL_ENABLE_DEBUG_INFO = NO;
				SDKROOT = iphoneos;
				SWIFT_OPTIMIZATION_LEVEL = "-Owholemodule";
				VALIDATE_PRODUCT = YES;
			};
			name = Release;
		};
		597460011D29B5D20008BC59 /* Debug */ = {
			isa = XCBuildConfiguration;
			buildSettings = {
				ASSETCATALOG_COMPILER_APPICON_NAME = AppIcon;
				INFOPLIST_FILE = "D&D/Info.plist";
				LD_RUNPATH_SEARCH_PATHS = "$(inherited) @executable_path/Frameworks";
				PRODUCT_BUNDLE_IDENTIFIER = "com.sachetta.D-D";
				PRODUCT_NAME = "$(TARGET_NAME)";
				SWIFT_VERSION = 3.0;
				TARGETED_DEVICE_FAMILY = 1;
			};
			name = Debug;
		};
		597460021D29B5D20008BC59 /* Release */ = {
			isa = XCBuildConfiguration;
			buildSettings = {
				ASSETCATALOG_COMPILER_APPICON_NAME = AppIcon;
				INFOPLIST_FILE = "D&D/Info.plist";
				LD_RUNPATH_SEARCH_PATHS = "$(inherited) @executable_path/Frameworks";
				PRODUCT_BUNDLE_IDENTIFIER = "com.sachetta.D-D";
				PRODUCT_NAME = "$(TARGET_NAME)";
				SWIFT_VERSION = 3.0;
				TARGETED_DEVICE_FAMILY = 1;
			};
			name = Release;
		};
/* End XCBuildConfiguration section */

/* Begin XCConfigurationList section */
		59745FE91D29B5D10008BC59 /* Build configuration list for PBXProject "D&D" */ = {
			isa = XCConfigurationList;
			buildConfigurations = (
				59745FFE1D29B5D20008BC59 /* Debug */,
				59745FFF1D29B5D20008BC59 /* Release */,
			);
			defaultConfigurationIsVisible = 0;
			defaultConfigurationName = Release;
		};
		597460001D29B5D20008BC59 /* Build configuration list for PBXNativeTarget "D&D" */ = {
			isa = XCConfigurationList;
			buildConfigurations = (
				597460011D29B5D20008BC59 /* Debug */,
				597460021D29B5D20008BC59 /* Release */,
			);
			defaultConfigurationIsVisible = 0;
			defaultConfigurationName = Release;
		};
/* End XCConfigurationList section */
	};
	rootObject = 59745FE61D29B5D10008BC59 /* Project object */;
}
